
Microsoft Visual Studio Solution File, Format Version 12.00
# Visual Studio Version 16
VisualStudioVersion = 16.0.31613.86
MinimumVisualStudioVersion = 10.0.40219.1
Project("{FAE04EC0-301F-11D3-BF4B-00C04F79EFBC}") = "ByteBank", "ByteBank\ByteBank.csproj", "{345E75F2-1376-4131-8B97-7205F80C6C9B}"
EndProject
Global
	GlobalSection(SolutionConfigurationPlatforms) = preSolution
		Debug|Any CPU = Debug|Any CPU
		Release|Any CPU = Release|Any CPU
	EndGlobalSection
	GlobalSection(ProjectConfigurationPlatforms) = postSolution
		{345E75F2-1376-4131-8B97-7205F80C6C9B}.Debug|Any CPU.ActiveCfg = Debug|Any CPU
		{345E75F2-1376-4131-8B97-7205F80C6C9B}.Debug|Any CPU.Build.0 = Debug|Any CPU
		{345E75F2-1376-4131-8B97-7205F80C6C9B}.Release|Any CPU.ActiveCfg = Release|Any CPU
		{345E75F2-1376-4131-8B97-7205F80C6C9B}.Release|Any CPU.Build.0 = Release|Any CPU
	EndGlobalSection
	GlobalSection(SolutionProperties) = preSolution
		HideSolutionNode = FALSE
	EndGlobalSection
	GlobalSection(ExtensibilityGlobals) = postSolution
		SolutionGuid = {6951FF5B-6767-44E1-B0F3-77CE0523D4DE}
	EndGlobalSection
EndGlobal
